// !$*UTF8*$!
{
	archiveVersion = 1;
	classes = {
	};
	objectVersion = 56;
	objects = {

/* Begin PBXBuildFile section */
		18EFB1212B485AF300FBE1E2 /* AppDelegate.swift in Sources */ = {isa = PBXBuildFile; fileRef = 18EFB1202B485AF300FBE1E2 /* AppDelegate.swift */; };
		18EFB1232B485AF300FBE1E2 /* SceneDelegate.swift in Sources */ = {isa = PBXBuildFile; fileRef = 18EFB1222B485AF300FBE1E2 /* SceneDelegate.swift */; };
		18EFB1252B485AF300FBE1E2 /* MainViewController.swift in Sources */ = {isa = PBXBuildFile; fileRef = 18EFB1242B485AF300FBE1E2 /* MainViewController.swift */; };
		18EFB1282B485AF300FBE1E2 /* Main.storyboard in Resources */ = {isa = PBXBuildFile; fileRef = 18EFB1262B485AF300FBE1E2 /* Main.storyboard */; };
		18EFB12A2B485AF500FBE1E2 /* Assets.xcassets in Resources */ = {isa = PBXBuildFile; fileRef = 18EFB1292B485AF500FBE1E2 /* Assets.xcassets */; };
		18EFB12D2B485AF500FBE1E2 /* LaunchScreen.storyboard in Resources */ = {isa = PBXBuildFile; fileRef = 18EFB12B2B485AF500FBE1E2 /* LaunchScreen.storyboard */; };
		18EFB13D2B485BFB00FBE1E2 /* DataStore.swift in Sources */ = {isa = PBXBuildFile; fileRef = 18EFB13C2B485BFB00FBE1E2 /* DataStore.swift */; };
		18EFB1622B4ED9B800FBE1E2 /* NewBrewViewController.swift in Sources */ = {isa = PBXBuildFile; fileRef = 18EFB1612B4ED9B800FBE1E2 /* NewBrewViewController.swift */; };
		18EFB1642B4EDA0300FBE1E2 /* AboutViewController.swift in Sources */ = {isa = PBXBuildFile; fileRef = 18EFB1632B4EDA0300FBE1E2 /* AboutViewController.swift */; };
		18EFB1662B4EE38D00FBE1E2 /* BrewViewController.swift in Sources */ = {isa = PBXBuildFile; fileRef = 18EFB1652B4EE38D00FBE1E2 /* BrewViewController.swift */; };
		18EFB1682B4EE3AC00FBE1E2 /* CalcViewController.swift in Sources */ = {isa = PBXBuildFile; fileRef = 18EFB1672B4EE3AC00FBE1E2 /* CalcViewController.swift */; };
		18EFB16A2B4F1AF100FBE1E2 /* Brew.swift in Sources */ = {isa = PBXBuildFile; fileRef = 18EFB1692B4F1AF100FBE1E2 /* Brew.swift */; };
/* End PBXBuildFile section */

/* Begin PBXFileReference section */
		18EFB11D2B485AF300FBE1E2 /* ABV-Calculator.app */ = {isa = PBXFileReference; explicitFileType = wrapper.application; includeInIndex = 0; path = "ABV-Calculator.app"; sourceTree = BUILT_PRODUCTS_DIR; };
		18EFB1202B485AF300FBE1E2 /* AppDelegate.swift */ = {isa = PBXFileReference; lastKnownFileType = sourcecode.swift; path = AppDelegate.swift; sourceTree = "<group>"; };
		18EFB1222B485AF300FBE1E2 /* SceneDelegate.swift */ = {isa = PBXFileReference; lastKnownFileType = sourcecode.swift; path = SceneDelegate.swift; sourceTree = "<group>"; };
		18EFB1242B485AF300FBE1E2 /* MainViewController.swift */ = {isa = PBXFileReference; lastKnownFileType = sourcecode.swift; path = MainViewController.swift; sourceTree = "<group>"; };
		18EFB1272B485AF300FBE1E2 /* Base */ = {isa = PBXFileReference; lastKnownFileType = file.storyboard; name = Base; path = Base.lproj/Main.storyboard; sourceTree = "<group>"; };
		18EFB1292B485AF500FBE1E2 /* Assets.xcassets */ = {isa = PBXFileReference; lastKnownFileType = folder.assetcatalog; path = Assets.xcassets; sourceTree = "<group>"; };
		18EFB12C2B485AF500FBE1E2 /* Base */ = {isa = PBXFileReference; lastKnownFileType = file.storyboard; name = Base; path = Base.lproj/LaunchScreen.storyboard; sourceTree = "<group>"; };
		18EFB12E2B485AF500FBE1E2 /* Info.plist */ = {isa = PBXFileReference; lastKnownFileType = text.plist.xml; path = Info.plist; sourceTree = "<group>"; };
		18EFB13C2B485BFB00FBE1E2 /* DataStore.swift */ = {isa = PBXFileReference; lastKnownFileType = sourcecode.swift; path = DataStore.swift; sourceTree = "<group>"; };
		18EFB1612B4ED9B800FBE1E2 /* NewBrewViewController.swift */ = {isa = PBXFileReference; lastKnownFileType = sourcecode.swift; path = NewBrewViewController.swift; sourceTree = "<group>"; };
		18EFB1632B4EDA0300FBE1E2 /* AboutViewController.swift */ = {isa = PBXFileReference; lastKnownFileType = sourcecode.swift; path = AboutViewController.swift; sourceTree = "<group>"; };
		18EFB1652B4EE38D00FBE1E2 /* BrewViewController.swift */ = {isa = PBXFileReference; lastKnownFileType = sourcecode.swift; path = BrewViewController.swift; sourceTree = "<group>"; };
		18EFB1672B4EE3AC00FBE1E2 /* CalcViewController.swift */ = {isa = PBXFileReference; lastKnownFileType = sourcecode.swift; path = CalcViewController.swift; sourceTree = "<group>"; };
		18EFB1692B4F1AF100FBE1E2 /* Brew.swift */ = {isa = PBXFileReference; lastKnownFileType = sourcecode.swift; path = Brew.swift; sourceTree = "<group>"; };
/* End PBXFileReference section */

/* Begin PBXFrameworksBuildPhase section */
		18EFB11A2B485AF300FBE1E2 /* Frameworks */ = {
			isa = PBXFrameworksBuildPhase;
			buildActionMask = 2147483647;
			files = (
			);
			runOnlyForDeploymentPostprocessing = 0;
		};
/* End PBXFrameworksBuildPhase section */

/* Begin PBXGroup section */
		18EFB1142B485AF300FBE1E2 = {
			isa = PBXGroup;
			children = (
				18EFB11F2B485AF300FBE1E2 /* ABV-Calculator */,
				18EFB1292B485AF500FBE1E2 /* Assets.xcassets */,
				18EFB11E2B485AF300FBE1E2 /* Products */,
			);
			sourceTree = "<group>";
		};
		18EFB11E2B485AF300FBE1E2 /* Products */ = {
			isa = PBXGroup;
			children = (
				18EFB11D2B485AF300FBE1E2 /* ABV-Calculator.app */,
			);
			name = Products;
			sourceTree = "<group>";
		};
		18EFB11F2B485AF300FBE1E2 /* ABV-Calculator */ = {
			isa = PBXGroup;
			children = (
				18EFB1342B485B6500FBE1E2 /* Config */,
				18EFB1362B485BA300FBE1E2 /* View Controllers */,
				18EFB1352B485B9700FBE1E2 /* Storyboards */,
				18EFB1392B485BC200FBE1E2 /* Models */,
				18EFB13E2B485BFF00FBE1E2 /* DataStore */,
			);
			path = "ABV-Calculator";
			sourceTree = "<group>";
		};
		18EFB1342B485B6500FBE1E2 /* Config */ = {
			isa = PBXGroup;
			children = (
				18EFB1202B485AF300FBE1E2 /* AppDelegate.swift */,
				18EFB1222B485AF300FBE1E2 /* SceneDelegate.swift */,
				18EFB12E2B485AF500FBE1E2 /* Info.plist */,
			);
			path = Config;
			sourceTree = "<group>";
		};
		18EFB1352B485B9700FBE1E2 /* Storyboards */ = {
			isa = PBXGroup;
			children = (
				18EFB1262B485AF300FBE1E2 /* Main.storyboard */,
				18EFB12B2B485AF500FBE1E2 /* LaunchScreen.storyboard */,
			);
			path = Storyboards;
			sourceTree = "<group>";
		};
		18EFB1362B485BA300FBE1E2 /* View Controllers */ = {
			isa = PBXGroup;
			children = (
				18EFB1242B485AF300FBE1E2 /* MainViewController.swift */,
				18EFB1612B4ED9B800FBE1E2 /* NewBrewViewController.swift */,
				18EFB1632B4EDA0300FBE1E2 /* AboutViewController.swift */,
				18EFB1652B4EE38D00FBE1E2 /* BrewViewController.swift */,
				18EFB1672B4EE3AC00FBE1E2 /* CalcViewController.swift */,
			);
			path = "View Controllers";
			sourceTree = "<group>";
		};
		18EFB1392B485BC200FBE1E2 /* Models */ = {
			isa = PBXGroup;
			children = (
				18EFB1692B4F1AF100FBE1E2 /* Brew.swift */,
			);
			path = Models;
			sourceTree = "<group>";
		};
		18EFB13E2B485BFF00FBE1E2 /* DataStore */ = {
			isa = PBXGroup;
			children = (
				18EFB13C2B485BFB00FBE1E2 /* DataStore.swift */,
			);
			path = DataStore;
			sourceTree = "<group>";
		};
/* End PBXGroup section */

/* Begin PBXNativeTarget section */
		18EFB11C2B485AF300FBE1E2 /* ABV-Calculator */ = {
			isa = PBXNativeTarget;
			buildConfigurationList = 18EFB1312B485AF500FBE1E2 /* Build configuration list for PBXNativeTarget "ABV-Calculator" */;
			buildPhases = (
				18EFB1192B485AF300FBE1E2 /* Sources */,
				18EFB11A2B485AF300FBE1E2 /* Frameworks */,
				18EFB11B2B485AF300FBE1E2 /* Resources */,
			);
			buildRules = (
			);
			dependencies = (
			);
			name = "ABV-Calculator";
			productName = "ABV-Calculator";
			productReference = 18EFB11D2B485AF300FBE1E2 /* ABV-Calculator.app */;
			productType = "com.apple.product-type.application";
		};
/* End PBXNativeTarget section */

/* Begin PBXProject section */
		18EFB1152B485AF300FBE1E2 /* Project object */ = {
			isa = PBXProject;
			attributes = {
				BuildIndependentTargetsInParallel = 1;
				LastSwiftUpdateCheck = 1500;
				LastUpgradeCheck = 1500;
				TargetAttributes = {
					18EFB11C2B485AF300FBE1E2 = {
						CreatedOnToolsVersion = 15.0.1;
					};
				};
			};
			buildConfigurationList = 18EFB1182B485AF300FBE1E2 /* Build configuration list for PBXProject "ABV-Calculator" */;
			compatibilityVersion = "Xcode 14.0";
			developmentRegion = en;
			hasScannedForEncodings = 0;
			knownRegions = (
				en,
				Base,
			);
			mainGroup = 18EFB1142B485AF300FBE1E2;
			productRefGroup = 18EFB11E2B485AF300FBE1E2 /* Products */;
			projectDirPath = "";
			projectRoot = "";
			targets = (
				18EFB11C2B485AF300FBE1E2 /* ABV-Calculator */,
			);
		};
/* End PBXProject section */

/* Begin PBXResourcesBuildPhase section */
		18EFB11B2B485AF300FBE1E2 /* Resources */ = {
			isa = PBXResourcesBuildPhase;
			buildActionMask = 2147483647;
			files = (
				18EFB12D2B485AF500FBE1E2 /* LaunchScreen.storyboard in Resources */,
				18EFB12A2B485AF500FBE1E2 /* Assets.xcassets in Resources */,
				18EFB1282B485AF300FBE1E2 /* Main.storyboard in Resources */,
			);
			runOnlyForDeploymentPostprocessing = 0;
		};
/* End PBXResourcesBuildPhase section */

/* Begin PBXSourcesBuildPhase section */
		18EFB1192B485AF300FBE1E2 /* Sources */ = {
			isa = PBXSourcesBuildPhase;
			buildActionMask = 2147483647;
			files = (
				18EFB1252B485AF300FBE1E2 /* MainViewController.swift in Sources */,
				18EFB1212B485AF300FBE1E2 /* AppDelegate.swift in Sources */,
				18EFB1662B4EE38D00FBE1E2 /* BrewViewController.swift in Sources */,
				18EFB1232B485AF300FBE1E2 /* SceneDelegate.swift in Sources */,
				18EFB1682B4EE3AC00FBE1E2 /* CalcViewController.swift in Sources */,
				18EFB16A2B4F1AF100FBE1E2 /* Brew.swift in Sources */,
				18EFB1642B4EDA0300FBE1E2 /* AboutViewController.swift in Sources */,
				18EFB13D2B485BFB00FBE1E2 /* DataStore.swift in Sources */,
				18EFB1622B4ED9B800FBE1E2 /* NewBrewViewController.swift in Sources */,
			);
			runOnlyForDeploymentPostprocessing = 0;
		};
/* End PBXSourcesBuildPhase section */

/* Begin PBXVariantGroup section */
		18EFB1262B485AF300FBE1E2 /* Main.storyboard */ = {
			isa = PBXVariantGroup;
			children = (
				18EFB1272B485AF300FBE1E2 /* Base */,
			);
			name = Main.storyboard;
			sourceTree = "<group>";
		};
		18EFB12B2B485AF500FBE1E2 /* LaunchScreen.storyboard */ = {
			isa = PBXVariantGroup;
			children = (
				18EFB12C2B485AF500FBE1E2 /* Base */,
			);
			name = LaunchScreen.storyboard;
			sourceTree = "<group>";
		};
/* End PBXVariantGroup section */

/* Begin XCBuildConfiguration section */
		18EFB12F2B485AF500FBE1E2 /* Debug */ = {
			isa = XCBuildConfiguration;
			buildSettings = {
				ALWAYS_SEARCH_USER_PATHS = NO;
				ASSETCATALOG_COMPILER_GENERATE_SWIFT_ASSET_SYMBOL_EXTENSIONS = YES;
				CLANG_ANALYZER_NONNULL = YES;
				CLANG_ANALYZER_NUMBER_OBJECT_CONVERSION = YES_AGGRESSIVE;
				CLANG_CXX_LANGUAGE_STANDARD = "gnu++20";
				CLANG_ENABLE_MODULES = YES;
				CLANG_ENABLE_OBJC_ARC = YES;
				CLANG_ENABLE_OBJC_WEAK = YES;
				CLANG_WARN_BLOCK_CAPTURE_AUTORELEASING = YES;
				CLANG_WARN_BOOL_CONVERSION = YES;
				CLANG_WARN_COMMA = YES;
				CLANG_WARN_CONSTANT_CONVERSION = YES;
				CLANG_WARN_DEPRECATED_OBJC_IMPLEMENTATIONS = YES;
				CLANG_WARN_DIRECT_OBJC_ISA_USAGE = YES_ERROR;
				CLANG_WARN_DOCUMENTATION_COMMENTS = YES;
				CLANG_WARN_EMPTY_BODY = YES;
				CLANG_WARN_ENUM_CONVERSION = YES;
				CLANG_WARN_INFINITE_RECURSION = YES;
				CLANG_WARN_INT_CONVERSION = YES;
				CLANG_WARN_NON_LITERAL_NULL_CONVERSION = YES;
				CLANG_WARN_OBJC_IMPLICIT_RETAIN_SELF = YES;
				CLANG_WARN_OBJC_LITERAL_CONVERSION = YES;
				CLANG_WARN_OBJC_ROOT_CLASS = YES_ERROR;
				CLANG_WARN_QUOTED_INCLUDE_IN_FRAMEWORK_HEADER = YES;
				CLANG_WARN_RANGE_LOOP_ANALYSIS = YES;
				CLANG_WARN_STRICT_PROTOTYPES = YES;
				CLANG_WARN_SUSPICIOUS_MOVE = YES;
				CLANG_WARN_UNGUARDED_AVAILABILITY = YES_AGGRESSIVE;
				CLANG_WARN_UNREACHABLE_CODE = YES;
				CLANG_WARN__DUPLICATE_METHOD_MATCH = YES;
				COPY_PHASE_STRIP = NO;
				DEBUG_INFORMATION_FORMAT = dwarf;
				ENABLE_STRICT_OBJC_MSGSEND = YES;
				ENABLE_TESTABILITY = YES;
				ENABLE_USER_SCRIPT_SANDBOXING = YES;
				GCC_C_LANGUAGE_STANDARD = gnu17;
				GCC_DYNAMIC_NO_PIC = NO;
				GCC_NO_COMMON_BLOCKS = YES;
				GCC_OPTIMIZATION_LEVEL = 0;
				GCC_PREPROCESSOR_DEFINITIONS = (
					"DEBUG=1",
					"$(inherited)",
				);
				GCC_WARN_64_TO_32_BIT_CONVERSION = YES;
				GCC_WARN_ABOUT_RETURN_TYPE = YES_ERROR;
				GCC_WARN_UNDECLARED_SELECTOR = YES;
				GCC_WARN_UNINITIALIZED_AUTOS = YES_AGGRESSIVE;
				GCC_WARN_UNUSED_FUNCTION = YES;
				GCC_WARN_UNUSED_VARIABLE = YES;
				IPHONEOS_DEPLOYMENT_TARGET = 17.0;
				LOCALIZATION_PREFERS_STRING_CATALOGS = YES;
				MTL_ENABLE_DEBUG_INFO = INCLUDE_SOURCE;
				MTL_FAST_MATH = YES;
				ONLY_ACTIVE_ARCH = YES;
				SDKROOT = iphoneos;
				SWIFT_ACTIVE_COMPILATION_CONDITIONS = "DEBUG $(inherited)";
				SWIFT_OPTIMIZATION_LEVEL = "-Onone";
			};
			name = Debug;
		};
		18EFB1302B485AF500FBE1E2 /* Release */ = {
			isa = XCBuildConfiguration;
			buildSettings = {
				ALWAYS_SEARCH_USER_PATHS = NO;
				ASSETCATALOG_COMPILER_GENERATE_SWIFT_ASSET_SYMBOL_EXTENSIONS = YES;
				CLANG_ANALYZER_NONNULL = YES;
				CLANG_ANALYZER_NUMBER_OBJECT_CONVERSION = YES_AGGRESSIVE;
				CLANG_CXX_LANGUAGE_STANDARD = "gnu++20";
				CLANG_ENABLE_MODULES = YES;
				CLANG_ENABLE_OBJC_ARC = YES;
				CLANG_ENABLE_OBJC_WEAK = YES;
				CLANG_WARN_BLOCK_CAPTURE_AUTORELEASING = YES;
				CLANG_WARN_BOOL_CONVERSION = YES;
				CLANG_WARN_COMMA = YES;
				CLANG_WARN_CONSTANT_CONVERSION = YES;
				CLANG_WARN_DEPRECATED_OBJC_IMPLEMENTATIONS = YES;
				CLANG_WARN_DIRECT_OBJC_ISA_USAGE = YES_ERROR;
				CLANG_WARN_DOCUMENTATION_COMMENTS = YES;
				CLANG_WARN_EMPTY_BODY = YES;
				CLANG_WARN_ENUM_CONVERSION = YES;
				CLANG_WARN_INFINITE_RECURSION = YES;
				CLANG_WARN_INT_CONVERSION = YES;
				CLANG_WARN_NON_LITERAL_NULL_CONVERSION = YES;
				CLANG_WARN_OBJC_IMPLICIT_RETAIN_SELF = YES;
				CLANG_WARN_OBJC_LITERAL_CONVERSION = YES;
				CLANG_WARN_OBJC_ROOT_CLASS = YES_ERROR;
				CLANG_WARN_QUOTED_INCLUDE_IN_FRAMEWORK_HEADER = YES;
				CLANG_WARN_RANGE_LOOP_ANALYSIS = YES;
				CLANG_WARN_STRICT_PROTOTYPES = YES;
				CLANG_WARN_SUSPICIOUS_MOVE = YES;
				CLANG_WARN_UNGUARDED_AVAILABILITY = YES_AGGRESSIVE;
				CLANG_WARN_UNREACHABLE_CODE = YES;
				CLANG_WARN__DUPLICATE_METHOD_MATCH = YES;
				COPY_PHASE_STRIP = NO;
				DEBUG_INFORMATION_FORMAT = "dwarf-with-dsym";
				ENABLE_NS_ASSERTIONS = NO;
				ENABLE_STRICT_OBJC_MSGSEND = YES;
				ENABLE_USER_SCRIPT_SANDBOXING = YES;
				GCC_C_LANGUAGE_STANDARD = gnu17;
				GCC_NO_COMMON_BLOCKS = YES;
				GCC_WARN_64_TO_32_BIT_CONVERSION = YES;
				GCC_WARN_ABOUT_RETURN_TYPE = YES_ERROR;
				GCC_WARN_UNDECLARED_SELECTOR = YES;
				GCC_WARN_UNINITIALIZED_AUTOS = YES_AGGRESSIVE;
				GCC_WARN_UNUSED_FUNCTION = YES;
				GCC_WARN_UNUSED_VARIABLE = YES;
				IPHONEOS_DEPLOYMENT_TARGET = 17.0;
				LOCALIZATION_PREFERS_STRING_CATALOGS = YES;
				MTL_ENABLE_DEBUG_INFO = NO;
				MTL_FAST_MATH = YES;
				SDKROOT = iphoneos;
				SWIFT_COMPILATION_MODE = wholemodule;
				VALIDATE_PRODUCT = YES;
			};
			name = Release;
		};
		18EFB1322B485AF500FBE1E2 /* Debug */ = {
			isa = XCBuildConfiguration;
			buildSettings = {
				ASSETCATALOG_COMPILER_APPICON_NAME = AppIcon;
				ASSETCATALOG_COMPILER_GLOBAL_ACCENT_COLOR_NAME = AccentColor;
				CODE_SIGN_STYLE = Automatic;
				CURRENT_PROJECT_VERSION = 1;
				DEVELOPMENT_TEAM = MF7QC2JX3N;
				GENERATE_INFOPLIST_FILE = YES;
				INFOPLIST_FILE = "ABV-Calculator/Config/Info.plist";
				INFOPLIST_KEY_UIApplicationSupportsIndirectInputEvents = YES;
				INFOPLIST_KEY_UILaunchStoryboardName = LaunchScreen;
				INFOPLIST_KEY_UIMainStoryboardFile = Main;
				INFOPLIST_KEY_UISupportedInterfaceOrientations = UIInterfaceOrientationPortrait;
				INFOPLIST_KEY_UISupportedInterfaceOrientations_iPad = "UIInterfaceOrientationLandscapeLeft UIInterfaceOrientationLandscapeRight UIInterfaceOrientationPortrait UIInterfaceOrientationPortraitUpsideDown";
				LD_RUNPATH_SEARCH_PATHS = (
					"$(inherited)",
					"@executable_path/Frameworks",
				);
				MARKETING_VERSION = 1.0;
				PRODUCT_BUNDLE_IDENTIFIER = "ru.vsdiscoveries.ABV-Calculator";
				PRODUCT_NAME = "$(TARGET_NAME)";
				SUPPORTED_PLATFORMS = "iphoneos iphonesimulator";
				SUPPORTS_MACCATALYST = NO;
				SUPPORTS_MAC_DESIGNED_FOR_IPHONE_IPAD = NO;
				SWIFT_EMIT_LOC_STRINGS = YES;
				SWIFT_VERSION = 5.0;
				TARGETED_DEVICE_FAMILY = 1;
			};
			name = Debug;
		};
		18EFB1332B485AF500FBE1E2 /* Release */ = {
			isa = XCBuildConfiguration;
			buildSettings = {
				ASSETCATALOG_COMPILER_APPICON_NAME = AppIcon;
				ASSETCATALOG_COMPILER_GLOBAL_ACCENT_COLOR_NAME = AccentColor;
				CODE_SIGN_STYLE = Automatic;
				CURRENT_PROJECT_VERSION = 1;
				DEVELOPMENT_TEAM = MF7QC2JX3N;
				GENERATE_INFOPLIST_FILE = YES;
				INFOPLIST_FILE = "ABV-Calculator/Config/Info.plist";
				INFOPLIST_KEY_UIApplicationSupportsIndirectInputEvents = YES;
				INFOPLIST_KEY_UILaunchStoryboardName = LaunchScreen;
				INFOPLIST_KEY_UIMainStoryboardFile = Main;
				INFOPLIST_KEY_UISupportedInterfaceOrientations = UIInterfaceOrientationPortrait;
				INFOPLIST_KEY_UISupportedInterfaceOrientations_iPad = "UIInterfaceOrientationLandscapeLeft UIInterfaceOrientationLandscapeRight UIInterfaceOrientationPortrait UIInterfaceOrientationPortraitUpsideDown";
				LD_RUNPATH_SEARCH_PATHS = (
					"$(inherited)",
					"@executable_path/Frameworks",
				);
				MARKETING_VERSION = 1.0;
				PRODUCT_BUNDLE_IDENTIFIER = "ru.vsdiscoveries.ABV-Calculator";
				PRODUCT_NAME = "$(TARGET_NAME)";
				SUPPORTED_PLATFORMS = "iphoneos iphonesimulator";
				SUPPORTS_MACCATALYST = NO;
				SUPPORTS_MAC_DESIGNED_FOR_IPHONE_IPAD = NO;
				SWIFT_EMIT_LOC_STRINGS = YES;
				SWIFT_VERSION = 5.0;
				TARGETED_DEVICE_FAMILY = 1;
			};
			name = Release;
		};
/* End XCBuildConfiguration section */

/* Begin XCConfigurationList section */
		18EFB1182B485AF300FBE1E2 /* Build configuration list for PBXProject "ABV-Calculator" */ = {
			isa = XCConfigurationList;
			buildConfigurations = (
				18EFB12F2B485AF500FBE1E2 /* Debug */,
				18EFB1302B485AF500FBE1E2 /* Release */,
			);
			defaultConfigurationIsVisible = 0;
			defaultConfigurationName = Release;
		};
		18EFB1312B485AF500FBE1E2 /* Build configuration list for PBXNativeTarget "ABV-Calculator" */ = {
			isa = XCConfigurationList;
			buildConfigurations = (
				18EFB1322B485AF500FBE1E2 /* Debug */,
				18EFB1332B485AF500FBE1E2 /* Release */,
			);
			defaultConfigurationIsVisible = 0;
			defaultConfigurationName = Release;
		};
/* End XCConfigurationList section */
	};
	rootObject = 18EFB1152B485AF300FBE1E2 /* Project object */;
}
